
Microsoft Visual Studio Solution File, Format Version 12.00
# Visual Studio 15
VisualStudioVersion = 15.0.27428.2043
MinimumVisualStudioVersion = 10.0.40219.1
Project("{9A19103F-16F7-4668-BE54-9A1E7A4F7556}") = "JobPortalRestore.Web", "JobPortalRestore\JobPortalRestore.Web.csproj", "{215F2D85-61B1-495C-BDC0-D3A59E28BFCD}"
EndProject
Project("{FAE04EC0-301F-11D3-BF4B-00C04F79EFBC}") = "JobPortalRestore.DAL", "JobPortalRestore.DAL\JobPortalRestore.DAL.csproj", "{9BD5CB38-A866-41AC-8498-6C1D098A9C8C}"
EndProject
Global
	GlobalSection(SolutionConfigurationPlatforms) = preSolution
		Debug|Any CPU = Debug|Any CPU
		Release|Any CPU = Release|Any CPU
	EndGlobalSection
	GlobalSection(ProjectConfigurationPlatforms) = postSolution
		{215F2D85-61B1-495C-BDC0-D3A59E28BFCD}.Debug|Any CPU.ActiveCfg = Debug|Any CPU
		{215F2D85-61B1-495C-BDC0-D3A59E28BFCD}.Debug|Any CPU.Build.0 = Debug|Any CPU
		{215F2D85-61B1-495C-BDC0-D3A59E28BFCD}.Release|Any CPU.ActiveCfg = Release|Any CPU
		{215F2D85-61B1-495C-BDC0-D3A59E28BFCD}.Release|Any CPU.Build.0 = Release|Any CPU
		{9BD5CB38-A866-41AC-8498-6C1D098A9C8C}.Debug|Any CPU.ActiveCfg = Debug|Any CPU
		{9BD5CB38-A866-41AC-8498-6C1D098A9C8C}.Debug|Any CPU.Build.0 = Debug|Any CPU
		{9BD5CB38-A866-41AC-8498-6C1D098A9C8C}.Release|Any CPU.ActiveCfg = Release|Any CPU
		{9BD5CB38-A866-41AC-8498-6C1D098A9C8C}.Release|Any CPU.Build.0 = Release|Any CPU
	EndGlobalSection
	GlobalSection(SolutionProperties) = preSolution
		HideSolutionNode = FALSE
	EndGlobalSection
	GlobalSection(ExtensibilityGlobals) = postSolution
		SolutionGuid = {E9C63032-77AA-4DF0-A904-13935CFED393}
	EndGlobalSection
EndGlobal
